
Microsoft Visual Studio Solution File, Format Version 12.00
# Visual Studio Version 17
VisualStudioVersion = 17.1.32328.378
MinimumVisualStudioVersion = 10.0.40219.1
Project("{9A19103F-16F7-4668-BE54-9A1E7A4F7556}") = "UptimeR.Domain", "UptimeR.Domain\UptimeR.Domain.csproj", "{D936420D-9196-41F8-9914-35EF4352F8C4}"
EndProject
Project("{9A19103F-16F7-4668-BE54-9A1E7A4F7556}") = "UptimeR.Application", "UptimeR.Application\UptimeR.Application.csproj", "{3EC182D4-BE75-4431-A493-15C71F3BD505}"
EndProject
Project("{9A19103F-16F7-4668-BE54-9A1E7A4F7556}") = "UptimeR.Persistance", "UptimeR.Persistance\UptimeR.Persistance.csproj", "{7339E23D-00CC-41CB-ADFE-CD8C4A8F4571}"
EndProject
Project("{9A19103F-16F7-4668-BE54-9A1E7A4F7556}") = "UptimeR", "UptimeR\UptimeR.csproj", "{D02D3F18-10DB-45BC-BF1D-C86E0FB6C6B8}"
EndProject
Project("{2150E333-8FDC-42A3-9474-1A3956D46DE8}") = "ML", "ML", "{023E68CF-894E-4CFA-B7E2-F18B898A2494}"
EndProject
Project("{9A19103F-16F7-4668-BE54-9A1E7A4F7556}") = "PrepareData", "ML\PrepareData\PrepareData.csproj", "{194D2A52-E62E-4BB0-86C9-E9B29F8DB021}"
EndProject
Project("{FAE04EC0-301F-11D3-BF4B-00C04F79EFBC}") = "UptimeR.ML.Trainer", "ML\UptimeR.ML.Trainer\UptimeR.ML.Trainer.csproj", "{6C18D7EE-2F68-45DE-BD58-3BD6767722F3}"
EndProject
Global
	GlobalSection(SolutionConfigurationPlatforms) = preSolution
		Debug|Any CPU = Debug|Any CPU
		Release|Any CPU = Release|Any CPU
	EndGlobalSection
	GlobalSection(ProjectConfigurationPlatforms) = postSolution
		{D936420D-9196-41F8-9914-35EF4352F8C4}.Debug|Any CPU.ActiveCfg = Debug|Any CPU
		{D936420D-9196-41F8-9914-35EF4352F8C4}.Debug|Any CPU.Build.0 = Debug|Any CPU
		{D936420D-9196-41F8-9914-35EF4352F8C4}.Release|Any CPU.ActiveCfg = Release|Any CPU
		{D936420D-9196-41F8-9914-35EF4352F8C4}.Release|Any CPU.Build.0 = Release|Any CPU
		{3EC182D4-BE75-4431-A493-15C71F3BD505}.Debug|Any CPU.ActiveCfg = Debug|Any CPU
		{3EC182D4-BE75-4431-A493-15C71F3BD505}.Debug|Any CPU.Build.0 = Debug|Any CPU
		{3EC182D4-BE75-4431-A493-15C71F3BD505}.Release|Any CPU.ActiveCfg = Release|Any CPU
		{3EC182D4-BE75-4431-A493-15C71F3BD505}.Release|Any CPU.Build.0 = Release|Any CPU
		{7339E23D-00CC-41CB-ADFE-CD8C4A8F4571}.Debug|Any CPU.ActiveCfg = Debug|Any CPU
		{7339E23D-00CC-41CB-ADFE-CD8C4A8F4571}.Debug|Any CPU.Build.0 = Debug|Any CPU
		{7339E23D-00CC-41CB-ADFE-CD8C4A8F4571}.Release|Any CPU.ActiveCfg = Release|Any CPU
		{7339E23D-00CC-41CB-ADFE-CD8C4A8F4571}.Release|Any CPU.Build.0 = Release|Any CPU
		{D02D3F18-10DB-45BC-BF1D-C86E0FB6C6B8}.Debug|Any CPU.ActiveCfg = Debug|Any CPU
		{D02D3F18-10DB-45BC-BF1D-C86E0FB6C6B8}.Debug|Any CPU.Build.0 = Debug|Any CPU
		{D02D3F18-10DB-45BC-BF1D-C86E0FB6C6B8}.Release|Any CPU.ActiveCfg = Release|Any CPU
		{D02D3F18-10DB-45BC-BF1D-C86E0FB6C6B8}.Release|Any CPU.Build.0 = Release|Any CPU
		{194D2A52-E62E-4BB0-86C9-E9B29F8DB021}.Debug|Any CPU.ActiveCfg = Debug|Any CPU
		{194D2A52-E62E-4BB0-86C9-E9B29F8DB021}.Debug|Any CPU.Build.0 = Debug|Any CPU
		{194D2A52-E62E-4BB0-86C9-E9B29F8DB021}.Release|Any CPU.ActiveCfg = Release|Any CPU
		{194D2A52-E62E-4BB0-86C9-E9B29F8DB021}.Release|Any CPU.Build.0 = Release|Any CPU
		{6C18D7EE-2F68-45DE-BD58-3BD6767722F3}.Debug|Any CPU.ActiveCfg = Debug|Any CPU
		{6C18D7EE-2F68-45DE-BD58-3BD6767722F3}.Debug|Any CPU.Build.0 = Debug|Any CPU
		{6C18D7EE-2F68-45DE-BD58-3BD6767722F3}.Release|Any CPU.ActiveCfg = Release|Any CPU
		{6C18D7EE-2F68-45DE-BD58-3BD6767722F3}.Release|Any CPU.Build.0 = Release|Any CPU
	EndGlobalSection
	GlobalSection(SolutionProperties) = preSolution
		HideSolutionNode = FALSE
	EndGlobalSection
	GlobalSection(NestedProjects) = preSolution
		{194D2A52-E62E-4BB0-86C9-E9B29F8DB021} = {023E68CF-894E-4CFA-B7E2-F18B898A2494}
		{6C18D7EE-2F68-45DE-BD58-3BD6767722F3} = {023E68CF-894E-4CFA-B7E2-F18B898A2494}
	EndGlobalSection
	GlobalSection(ExtensibilityGlobals) = postSolution
		SolutionGuid = {0C5340F2-3999-4E78-9598-67DB98253228}
	EndGlobalSection
EndGlobal
